
Microsoft Visual Studio Solution File, Format Version 12.00
# Blend for Visual Studio 15
VisualStudioVersion = 15.0.27130.2027
MinimumVisualStudioVersion = 10.0.40219.1
Project("{FAE04EC0-301F-11D3-BF4B-00C04F79EFBC}") = "AssemblyDevelopmentApp", "AssemblyDevelopmentApp\AssemblyDevelopmentApp.csproj", "{81489946-9476-478B-89AC-945812DE23A8}"
EndProject
Global
	GlobalSection(SolutionConfigurationPlatforms) = preSolution
		Debug|Any CPU = Debug|Any CPU
		Release|Any CPU = Release|Any CPU
	EndGlobalSection
	GlobalSection(ProjectConfigurationPlatforms) = postSolution
		{81489946-9476-478B-89AC-945812DE23A8}.Debug|Any CPU.ActiveCfg = Debug|Any CPU
		{81489946-9476-478B-89AC-945812DE23A8}.Debug|Any CPU.Build.0 = Debug|Any CPU
		{81489946-9476-478B-89AC-945812DE23A8}.Release|Any CPU.ActiveCfg = Release|Any CPU
		{81489946-9476-478B-89AC-945812DE23A8}.Release|Any CPU.Build.0 = Release|Any CPU
	EndGlobalSection
	GlobalSection(SolutionProperties) = preSolution
		HideSolutionNode = FALSE
	EndGlobalSection
	GlobalSection(ExtensibilityGlobals) = postSolution
		SolutionGuid = {0757AC29-5416-4A6F-813A-1D4FEE3A953F}
	EndGlobalSection
EndGlobal
